
Microsoft Visual Studio Solution File, Format Version 12.00
# Visual Studio Version 16
VisualStudioVersion = 16.0.29709.97
MinimumVisualStudioVersion = 10.0.40219.1
Project("{FAE04EC0-301F-11D3-BF4B-00C04F79EFBC}") = "AccuraCore.API", "AccuraCore.API\AccuraCore.API.csproj", "{5FBBCF33-41B9-4D7E-B5CE-4B21F5A329F7}"
EndProject
Project("{FAE04EC0-301F-11D3-BF4B-00C04F79EFBC}") = "Contracts", "Contracts\Contracts.csproj", "{85ABCB0C-A3D3-4E41-BA2A-4B3EABD7F22D}"
EndProject
Project("{FAE04EC0-301F-11D3-BF4B-00C04F79EFBC}") = "LoggerService", "LoggerService\LoggerService.csproj", "{1418EA58-672D-4C4B-9C84-9448A4313FE2}"
EndProject
Project("{FAE04EC0-301F-11D3-BF4B-00C04F79EFBC}") = "Entities", "Entities\Entities.csproj", "{AF47F79F-A5DE-46E1-B1BC-795766E5082D}"
EndProject
Project("{FAE04EC0-301F-11D3-BF4B-00C04F79EFBC}") = "Repository", "Repository\Repository.csproj", "{EFA8CDA6-F732-497D-AACF-3411C247689F}"
EndProject
Global
	GlobalSection(SolutionConfigurationPlatforms) = preSolution
		Debug|Any CPU = Debug|Any CPU
		Release|Any CPU = Release|Any CPU
	EndGlobalSection
	GlobalSection(ProjectConfigurationPlatforms) = postSolution
		{5FBBCF33-41B9-4D7E-B5CE-4B21F5A329F7}.Debug|Any CPU.ActiveCfg = Debug|Any CPU
		{5FBBCF33-41B9-4D7E-B5CE-4B21F5A329F7}.Debug|Any CPU.Build.0 = Debug|Any CPU
		{5FBBCF33-41B9-4D7E-B5CE-4B21F5A329F7}.Release|Any CPU.ActiveCfg = Release|Any CPU
		{5FBBCF33-41B9-4D7E-B5CE-4B21F5A329F7}.Release|Any CPU.Build.0 = Release|Any CPU
		{85ABCB0C-A3D3-4E41-BA2A-4B3EABD7F22D}.Debug|Any CPU.ActiveCfg = Debug|Any CPU
		{85ABCB0C-A3D3-4E41-BA2A-4B3EABD7F22D}.Debug|Any CPU.Build.0 = Debug|Any CPU
		{85ABCB0C-A3D3-4E41-BA2A-4B3EABD7F22D}.Release|Any CPU.ActiveCfg = Release|Any CPU
		{85ABCB0C-A3D3-4E41-BA2A-4B3EABD7F22D}.Release|Any CPU.Build.0 = Release|Any CPU
		{1418EA58-672D-4C4B-9C84-9448A4313FE2}.Debug|Any CPU.ActiveCfg = Debug|Any CPU
		{1418EA58-672D-4C4B-9C84-9448A4313FE2}.Debug|Any CPU.Build.0 = Debug|Any CPU
		{1418EA58-672D-4C4B-9C84-9448A4313FE2}.Release|Any CPU.ActiveCfg = Release|Any CPU
		{1418EA58-672D-4C4B-9C84-9448A4313FE2}.Release|Any CPU.Build.0 = Release|Any CPU
		{AF47F79F-A5DE-46E1-B1BC-795766E5082D}.Debug|Any CPU.ActiveCfg = Debug|Any CPU
		{AF47F79F-A5DE-46E1-B1BC-795766E5082D}.Debug|Any CPU.Build.0 = Debug|Any CPU
		{AF47F79F-A5DE-46E1-B1BC-795766E5082D}.Release|Any CPU.ActiveCfg = Release|Any CPU
		{AF47F79F-A5DE-46E1-B1BC-795766E5082D}.Release|Any CPU.Build.0 = Release|Any CPU
		{EFA8CDA6-F732-497D-AACF-3411C247689F}.Debug|Any CPU.ActiveCfg = Debug|Any CPU
		{EFA8CDA6-F732-497D-AACF-3411C247689F}.Debug|Any CPU.Build.0 = Debug|Any CPU
		{EFA8CDA6-F732-497D-AACF-3411C247689F}.Release|Any CPU.ActiveCfg = Release|Any CPU
		{EFA8CDA6-F732-497D-AACF-3411C247689F}.Release|Any CPU.Build.0 = Release|Any CPU
	EndGlobalSection
	GlobalSection(SolutionProperties) = preSolution
		HideSolutionNode = FALSE
	EndGlobalSection
	GlobalSection(ExtensibilityGlobals) = postSolution
		SolutionGuid = {6BD2B59F-64C1-4359-A3D3-B515B5618CF0}
	EndGlobalSection
EndGlobal
